
Microsoft Visual Studio Solution File, Format Version 12.00
# Visual Studio 15
VisualStudioVersion = 15.0.28307.1062
MinimumVisualStudioVersion = 10.0.40219.1
Project("{FAE04EC0-301F-11D3-BF4B-00C04F79EFBC}") = "VisionLibrary", "VisionLibrary\VisionLibrary.csproj", "{B8050937-B4BA-4274-B41E-268D33394CCE}"
EndProject
Project("{FAE04EC0-301F-11D3-BF4B-00C04F79EFBC}") = "VisionWindow", "VisionWindow\VisionWindow.csproj", "{0D3225E2-B730-44DC-9A0C-CF3B5876CC4E}"
EndProject
Project("{FAE04EC0-301F-11D3-BF4B-00C04F79EFBC}") = "CameraLibrary", "Camera\CameraLibrary.csproj", "{2611552F-8AC9-4B5F-BF9E-C83DFF3E1F45}"
EndProject
Global
	GlobalSection(SolutionConfigurationPlatforms) = preSolution
		Debug|Any CPU = Debug|Any CPU
		Debug|x86 = Debug|x86
		Release|Any CPU = Release|Any CPU
		Release|x86 = Release|x86
	EndGlobalSection
	GlobalSection(ProjectConfigurationPlatforms) = postSolution
		{B8050937-B4BA-4274-B41E-268D33394CCE}.Debug|Any CPU.ActiveCfg = Debug|Any CPU
		{B8050937-B4BA-4274-B41E-268D33394CCE}.Debug|Any CPU.Build.0 = Debug|Any CPU
		{B8050937-B4BA-4274-B41E-268D33394CCE}.Debug|x86.ActiveCfg = Debug|Any CPU
		{B8050937-B4BA-4274-B41E-268D33394CCE}.Debug|x86.Build.0 = Debug|Any CPU
		{B8050937-B4BA-4274-B41E-268D33394CCE}.Release|Any CPU.ActiveCfg = Release|Any CPU
		{B8050937-B4BA-4274-B41E-268D33394CCE}.Release|Any CPU.Build.0 = Release|Any CPU
		{B8050937-B4BA-4274-B41E-268D33394CCE}.Release|x86.ActiveCfg = Release|Any CPU
		{B8050937-B4BA-4274-B41E-268D33394CCE}.Release|x86.Build.0 = Release|Any CPU
		{0D3225E2-B730-44DC-9A0C-CF3B5876CC4E}.Debug|Any CPU.ActiveCfg = Debug|Any CPU
		{0D3225E2-B730-44DC-9A0C-CF3B5876CC4E}.Debug|Any CPU.Build.0 = Debug|Any CPU
		{0D3225E2-B730-44DC-9A0C-CF3B5876CC4E}.Debug|x86.ActiveCfg = Debug|Any CPU
		{0D3225E2-B730-44DC-9A0C-CF3B5876CC4E}.Debug|x86.Build.0 = Debug|Any CPU
		{0D3225E2-B730-44DC-9A0C-CF3B5876CC4E}.Release|Any CPU.ActiveCfg = Release|Any CPU
		{0D3225E2-B730-44DC-9A0C-CF3B5876CC4E}.Release|Any CPU.Build.0 = Release|Any CPU
		{0D3225E2-B730-44DC-9A0C-CF3B5876CC4E}.Release|x86.ActiveCfg = Release|Any CPU
		{0D3225E2-B730-44DC-9A0C-CF3B5876CC4E}.Release|x86.Build.0 = Release|Any CPU
		{2611552F-8AC9-4B5F-BF9E-C83DFF3E1F45}.Debug|Any CPU.ActiveCfg = Debug|Any CPU
		{2611552F-8AC9-4B5F-BF9E-C83DFF3E1F45}.Debug|Any CPU.Build.0 = Debug|Any CPU
		{2611552F-8AC9-4B5F-BF9E-C83DFF3E1F45}.Debug|x86.ActiveCfg = Debug|Any CPU
		{2611552F-8AC9-4B5F-BF9E-C83DFF3E1F45}.Debug|x86.Build.0 = Debug|Any CPU
		{2611552F-8AC9-4B5F-BF9E-C83DFF3E1F45}.Release|Any CPU.ActiveCfg = Release|Any CPU
		{2611552F-8AC9-4B5F-BF9E-C83DFF3E1F45}.Release|Any CPU.Build.0 = Release|Any CPU
		{2611552F-8AC9-4B5F-BF9E-C83DFF3E1F45}.Release|x86.ActiveCfg = Release|Any CPU
		{2611552F-8AC9-4B5F-BF9E-C83DFF3E1F45}.Release|x86.Build.0 = Release|Any CPU
	EndGlobalSection
	GlobalSection(SolutionProperties) = preSolution
		HideSolutionNode = FALSE
	EndGlobalSection
	GlobalSection(ExtensibilityGlobals) = postSolution
		SolutionGuid = {E211A4BC-A9D3-44BD-934F-6E08C6615600}
	EndGlobalSection
EndGlobal
